// !$*UTF8*$!
{
	archiveVersion = 1;
	classes = {
	};
	objectVersion = 46;
	objects = {

/* Begin PBXBuildFile section */
		F5DD442A1DF7F70900BE316C /* AppDelegate.swift in Sources */ = {isa = PBXBuildFile; fileRef = F5DD44291DF7F70900BE316C /* AppDelegate.swift */; };
		F5DD442C1DF7F70900BE316C /* ViewController.swift in Sources */ = {isa = PBXBuildFile; fileRef = F5DD442B1DF7F70900BE316C /* ViewController.swift */; };
		F5DD442E1DF7F70900BE316C /* Assets.xcassets in Resources */ = {isa = PBXBuildFile; fileRef = F5DD442D1DF7F70900BE316C /* Assets.xcassets */; };
		F5DD44311DF7F70900BE316C /* Main.storyboard in Resources */ = {isa = PBXBuildFile; fileRef = F5DD442F1DF7F70900BE316C /* Main.storyboard */; };
		F5DD443C1DF7F70900BE316C /* Xcode8GitExampleTests.swift in Sources */ = {isa = PBXBuildFile; fileRef = F5DD443B1DF7F70900BE316C /* Xcode8GitExampleTests.swift */; };
		F5DD44471DF7F70900BE316C /* Xcode8GitExampleUITests.swift in Sources */ = {isa = PBXBuildFile; fileRef = F5DD44461DF7F70900BE316C /* Xcode8GitExampleUITests.swift */; };
/* End PBXBuildFile section */

/* Begin PBXContainerItemProxy section */
		F5DD44381DF7F70900BE316C /* PBXContainerItemProxy */ = {
			isa = PBXContainerItemProxy;
			containerPortal = F5DD441E1DF7F70900BE316C /* Project object */;
			proxyType = 1;
			remoteGlobalIDString = F5DD44251DF7F70900BE316C;
			remoteInfo = Xcode8GitExample;
		};
		F5DD44431DF7F70900BE316C /* PBXContainerItemProxy */ = {
			isa = PBXContainerItemProxy;
			containerPortal = F5DD441E1DF7F70900BE316C /* Project object */;
			proxyType = 1;
			remoteGlobalIDString = F5DD44251DF7F70900BE316C;
			remoteInfo = Xcode8GitExample;
		};
/* End PBXContainerItemProxy section */

/* Begin PBXFileReference section */
		F5DD44261DF7F70900BE316C /* Xcode8GitExample.app */ = {isa = PBXFileReference; explicitFileType = wrapper.application; includeInIndex = 0; path = Xcode8GitExample.app; sourceTree = BUILT_PRODUCTS_DIR; };
		F5DD44291DF7F70900BE316C /* AppDelegate.swift */ = {isa = PBXFileReference; lastKnownFileType = sourcecode.swift; path = AppDelegate.swift; sourceTree = "<group>"; };
		F5DD442B1DF7F70900BE316C /* ViewController.swift */ = {isa = PBXFileReference; lastKnownFileType = sourcecode.swift; path = ViewController.swift; sourceTree = "<group>"; };
		F5DD442D1DF7F70900BE316C /* Assets.xcassets */ = {isa = PBXFileReference; lastKnownFileType = folder.assetcatalog; path = Assets.xcassets; sourceTree = "<group>"; };
		F5DD44301DF7F70900BE316C /* Base */ = {isa = PBXFileReference; lastKnownFileType = file.storyboard; name = Base; path = Base.lproj/Main.storyboard; sourceTree = "<group>"; };
		F5DD44321DF7F70900BE316C /* Info.plist */ = {isa = PBXFileReference; lastKnownFileType = text.plist.xml; path = Info.plist; sourceTree = "<group>"; };
		F5DD44371DF7F70900BE316C /* Xcode8GitExampleTests.xctest */ = {isa = PBXFileReference; explicitFileType = wrapper.cfbundle; includeInIndex = 0; path = Xcode8GitExampleTests.xctest; sourceTree = BUILT_PRODUCTS_DIR; };
		F5DD443B1DF7F70900BE316C /* Xcode8GitExampleTests.swift */ = {isa = PBXFileReference; lastKnownFileType = sourcecode.swift; path = Xcode8GitExampleTests.swift; sourceTree = "<group>"; };
		F5DD443D1DF7F70900BE316C /* Info.plist */ = {isa = PBXFileReference; lastKnownFileType = text.plist.xml; path = Info.plist; sourceTree = "<group>"; };
		F5DD44421DF7F70900BE316C /* Xcode8GitExampleUITests.xctest */ = {isa = PBXFileReference; explicitFileType = wrapper.cfbundle; includeInIndex = 0; path = Xcode8GitExampleUITests.xctest; sourceTree = BUILT_PRODUCTS_DIR; };
		F5DD44461DF7F70900BE316C /* Xcode8GitExampleUITests.swift */ = {isa = PBXFileReference; lastKnownFileType = sourcecode.swift; path = Xcode8GitExampleUITests.swift; sourceTree = "<group>"; };
		F5DD44481DF7F70900BE316C /* Info.plist */ = {isa = PBXFileReference; lastKnownFileType = text.plist.xml; path = Info.plist; sourceTree = "<group>"; };
/* End PBXFileReference section */

/* Begin PBXFrameworksBuildPhase section */
		F5DD44231DF7F70900BE316C /* Frameworks */ = {
			isa = PBXFrameworksBuildPhase;
			buildActionMask = 2147483647;
			files = (
			);
			runOnlyForDeploymentPostprocessing = 0;
		};
		F5DD44341DF7F70900BE316C /* Frameworks */ = {
			isa = PBXFrameworksBuildPhase;
			buildActionMask = 2147483647;
			files = (
			);
			runOnlyForDeploymentPostprocessing = 0;
		};
		F5DD443F1DF7F70900BE316C /* Frameworks */ = {
			isa = PBXFrameworksBuildPhase;
			buildActionMask = 2147483647;
			files = (
			);
			runOnlyForDeploymentPostprocessing = 0;
		};
/* End PBXFrameworksBuildPhase section */

/* Begin PBXGroup section */
		F5DD441D1DF7F70900BE316C = {
			isa = PBXGroup;
			children = (
				F5DD44281DF7F70900BE316C /* Xcode8GitExample */,
				F5DD443A1DF7F70900BE316C /* Xcode8GitExampleTests */,
				F5DD44451DF7F70900BE316C /* Xcode8GitExampleUITests */,
				F5DD44271DF7F70900BE316C /* Products */,
			);
			sourceTree = "<group>";
		};
		F5DD44271DF7F70900BE316C /* Products */ = {
			isa = PBXGroup;
			children = (
				F5DD44261DF7F70900BE316C /* Xcode8GitExample.app */,
				F5DD44371DF7F70900BE316C /* Xcode8GitExampleTests.xctest */,
				F5DD44421DF7F70900BE316C /* Xcode8GitExampleUITests.xctest */,
			);
			name = Products;
			sourceTree = "<group>";
		};
		F5DD44281DF7F70900BE316C /* Xcode8GitExample */ = {
			isa = PBXGroup;
			children = (
				F5DD44291DF7F70900BE316C /* AppDelegate.swift */,
				F5DD442B1DF7F70900BE316C /* ViewController.swift */,
				F5DD442D1DF7F70900BE316C /* Assets.xcassets */,
				F5DD442F1DF7F70900BE316C /* Main.storyboard */,
				F5DD44321DF7F70900BE316C /* Info.plist */,
			);
			path = Xcode8GitExample;
			sourceTree = "<group>";
		};
		F5DD443A1DF7F70900BE316C /* Xcode8GitExampleTests */ = {
			isa = PBXGroup;
			children = (
				F5DD443B1DF7F70900BE316C /* Xcode8GitExampleTests.swift */,
				F5DD443D1DF7F70900BE316C /* Info.plist */,
			);
			path = Xcode8GitExampleTests;
			sourceTree = "<group>";
		};
		F5DD44451DF7F70900BE316C /* Xcode8GitExampleUITests */ = {
			isa = PBXGroup;
			children = (
				F5DD44461DF7F70900BE316C /* Xcode8GitExampleUITests.swift */,
				F5DD44481DF7F70900BE316C /* Info.plist */,
			);
			path = Xcode8GitExampleUITests;
			sourceTree = "<group>";
		};
/* End PBXGroup section */

/* Begin PBXNativeTarget section */
		F5DD44251DF7F70900BE316C /* Xcode8GitExample */ = {
			isa = PBXNativeTarget;
			buildConfigurationList = F5DD444B1DF7F70900BE316C /* Build configuration list for PBXNativeTarget "Xcode8GitExample" */;
			buildPhases = (
				F5DD44221DF7F70900BE316C /* Sources */,
				F5DD44231DF7F70900BE316C /* Frameworks */,
				F5DD44241DF7F70900BE316C /* Resources */,
			);
			buildRules = (
			);
			dependencies = (
			);
			name = Xcode8GitExample;
			productName = Xcode8GitExample;
			productReference = F5DD44261DF7F70900BE316C /* Xcode8GitExample.app */;
			productType = "com.apple.product-type.application";
		};
		F5DD44361DF7F70900BE316C /* Xcode8GitExampleTests */ = {
			isa = PBXNativeTarget;
			buildConfigurationList = F5DD444E1DF7F70900BE316C /* Build configuration list for PBXNativeTarget "Xcode8GitExampleTests" */;
			buildPhases = (
				F5DD44331DF7F70900BE316C /* Sources */,
				F5DD44341DF7F70900BE316C /* Frameworks */,
				F5DD44351DF7F70900BE316C /* Resources */,
			);
			buildRules = (
			);
			dependencies = (
				F5DD44391DF7F70900BE316C /* PBXTargetDependency */,
			);
			name = Xcode8GitExampleTests;
			productName = Xcode8GitExampleTests;
			productReference = F5DD44371DF7F70900BE316C /* Xcode8GitExampleTests.xctest */;
			productType = "com.apple.product-type.bundle.unit-test";
		};
		F5DD44411DF7F70900BE316C /* Xcode8GitExampleUITests */ = {
			isa = PBXNativeTarget;
			buildConfigurationList = F5DD44511DF7F70900BE316C /* Build configuration list for PBXNativeTarget "Xcode8GitExampleUITests" */;
			buildPhases = (
				F5DD443E1DF7F70900BE316C /* Sources */,
				F5DD443F1DF7F70900BE316C /* Frameworks */,
				F5DD44401DF7F70900BE316C /* Resources */,
			);
			buildRules = (
			);
			dependencies = (
				F5DD44441DF7F70900BE316C /* PBXTargetDependency */,
			);
			name = Xcode8GitExampleUITests;
			productName = Xcode8GitExampleUITests;
			productReference = F5DD44421DF7F70900BE316C /* Xcode8GitExampleUITests.xctest */;
			productType = "com.apple.product-type.bundle.ui-testing";
		};
/* End PBXNativeTarget section */

/* Begin PBXProject section */
		F5DD441E1DF7F70900BE316C /* Project object */ = {
			isa = PBXProject;
			attributes = {
				LastSwiftUpdateCheck = 0810;
				LastUpgradeCheck = 0810;
				ORGANIZATIONNAME = "Carlos Zuniga";
				TargetAttributes = {
					F5DD44251DF7F70900BE316C = {
						CreatedOnToolsVersion = 8.1;
						ProvisioningStyle = Automatic;
					};
					F5DD44361DF7F70900BE316C = {
						CreatedOnToolsVersion = 8.1;
						ProvisioningStyle = Automatic;
						TestTargetID = F5DD44251DF7F70900BE316C;
					};
					F5DD44411DF7F70900BE316C = {
						CreatedOnToolsVersion = 8.1;
						ProvisioningStyle = Automatic;
						TestTargetID = F5DD44251DF7F70900BE316C;
					};
				};
			};
			buildConfigurationList = F5DD44211DF7F70900BE316C /* Build configuration list for PBXProject "Xcode8GitExample" */;
			compatibilityVersion = "Xcode 3.2";
			developmentRegion = English;
			hasScannedForEncodings = 0;
			knownRegions = (
				en,
				Base,
			);
			mainGroup = F5DD441D1DF7F70900BE316C;
			productRefGroup = F5DD44271DF7F70900BE316C /* Products */;
			projectDirPath = "";
			projectRoot = "";
			targets = (
				F5DD44251DF7F70900BE316C /* Xcode8GitExample */,
				F5DD44361DF7F70900BE316C /* Xcode8GitExampleTests */,
				F5DD44411DF7F70900BE316C /* Xcode8GitExampleUITests */,
			);
		};
/* End PBXProject section */

/* Begin PBXResourcesBuildPhase section */
		F5DD44241DF7F70900BE316C /* Resources */ = {
			isa = PBXResourcesBuildPhase;
			buildActionMask = 2147483647;
			files = (
				F5DD442E1DF7F70900BE316C /* Assets.xcassets in Resources */,
				F5DD44311DF7F70900BE316C /* Main.storyboard in Resources */,
			);
			runOnlyForDeploymentPostprocessing = 0;
		};
		F5DD44351DF7F70900BE316C /* Resources */ = {
			isa = PBXResourcesBuildPhase;
			buildActionMask = 2147483647;
			files = (
			);
			runOnlyForDeploymentPostprocessing = 0;
		};
		F5DD44401DF7F70900BE316C /* Resources */ = {
			isa = PBXResourcesBuildPhase;
			buildActionMask = 2147483647;
			files = (
			);
			runOnlyForDeploymentPostprocessing = 0;
		};
/* End PBXResourcesBuildPhase section */

/* Begin PBXSourcesBuildPhase section */
		F5DD44221DF7F70900BE316C /* Sources */ = {
			isa = PBXSourcesBuildPhase;
			buildActionMask = 2147483647;
			files = (
				F5DD442C1DF7F70900BE316C /* ViewController.swift in Sources */,
				F5DD442A1DF7F70900BE316C /* AppDelegate.swift in Sources */,
			);
			runOnlyForDeploymentPostprocessing = 0;
		};
		F5DD44331DF7F70900BE316C /* Sources */ = {
			isa = PBXSourcesBuildPhase;
			buildActionMask = 2147483647;
			files = (
				F5DD443C1DF7F70900BE316C /* Xcode8GitExampleTests.swift in Sources */,
			);
			runOnlyForDeploymentPostprocessing = 0;
		};
		F5DD443E1DF7F70900BE316C /* Sources */ = {
			isa = PBXSourcesBuildPhase;
			buildActionMask = 2147483647;
			files = (
				F5DD44471DF7F70900BE316C /* Xcode8GitExampleUITests.swift in Sources */,
			);
			runOnlyForDeploymentPostprocessing = 0;
		};
/* End PBXSourcesBuildPhase section */

/* Begin PBXTargetDependency section */
		F5DD44391DF7F70900BE316C /* PBXTargetDependency */ = {
			isa = PBXTargetDependency;
			target = F5DD44251DF7F70900BE316C /* Xcode8GitExample */;
			targetProxy = F5DD44381DF7F70900BE316C /* PBXContainerItemProxy */;
		};
		F5DD44441DF7F70900BE316C /* PBXTargetDependency */ = {
			isa = PBXTargetDependency;
			target = F5DD44251DF7F70900BE316C /* Xcode8GitExample */;
			targetProxy = F5DD44431DF7F70900BE316C /* PBXContainerItemProxy */;
		};
/* End PBXTargetDependency section */

/* Begin PBXVariantGroup section */
		F5DD442F1DF7F70900BE316C /* Main.storyboard */ = {
			isa = PBXVariantGroup;
			children = (
				F5DD44301DF7F70900BE316C /* Base */,
			);
			name = Main.storyboard;
			sourceTree = "<group>";
		};
/* End PBXVariantGroup section */

/* Begin XCBuildConfiguration section */
		F5DD44491DF7F70900BE316C /* Debug */ = {
			isa = XCBuildConfiguration;
			buildSettings = {
				ALWAYS_SEARCH_USER_PATHS = NO;
				CLANG_ANALYZER_NONNULL = YES;
				CLANG_CXX_LANGUAGE_STANDARD = "gnu++0x";
				CLANG_CXX_LIBRARY = "libc++";
				CLANG_ENABLE_MODULES = YES;
				CLANG_ENABLE_OBJC_ARC = YES;
				CLANG_WARN_BOOL_CONVERSION = YES;
				CLANG_WARN_CONSTANT_CONVERSION = YES;
				CLANG_WARN_DIRECT_OBJC_ISA_USAGE = YES_ERROR;
				CLANG_WARN_DOCUMENTATION_COMMENTS = YES;
				CLANG_WARN_EMPTY_BODY = YES;
				CLANG_WARN_ENUM_CONVERSION = YES;
				CLANG_WARN_INFINITE_RECURSION = YES;
				CLANG_WARN_INT_CONVERSION = YES;
				CLANG_WARN_OBJC_ROOT_CLASS = YES_ERROR;
				CLANG_WARN_SUSPICIOUS_MOVES = YES;
				CLANG_WARN_UNREACHABLE_CODE = YES;
				CLANG_WARN__DUPLICATE_METHOD_MATCH = YES;
				CODE_SIGN_IDENTITY = "-";
				COPY_PHASE_STRIP = NO;
				DEBUG_INFORMATION_FORMAT = dwarf;
				ENABLE_STRICT_OBJC_MSGSEND = YES;
				ENABLE_TESTABILITY = YES;
				GCC_C_LANGUAGE_STANDARD = gnu99;
				GCC_DYNAMIC_NO_PIC = NO;
				GCC_NO_COMMON_BLOCKS = YES;
				GCC_OPTIMIZATION_LEVEL = 0;
				GCC_PREPROCESSOR_DEFINITIONS = (
					"DEBUG=1",
					"$(inherited)",
				);
				GCC_WARN_64_TO_32_BIT_CONVERSION = YES;
				GCC_WARN_ABOUT_RETURN_TYPE = YES_ERROR;
				GCC_WARN_UNDECLARED_SELECTOR = YES;
				GCC_WARN_UNINITIALIZED_AUTOS = YES_AGGRESSIVE;
				GCC_WARN_UNUSED_FUNCTION = YES;
				GCC_WARN_UNUSED_VARIABLE = YES;
				MACOSX_DEPLOYMENT_TARGET = 10.12;
				MTL_ENABLE_DEBUG_INFO = YES;
				ONLY_ACTIVE_ARCH = YES;
				SDKROOT = macosx;
				SWIFT_ACTIVE_COMPILATION_CONDITIONS = DEBUG;
				SWIFT_OPTIMIZATION_LEVEL = "-Onone";
			};
			name = Debug;
		};
		F5DD444A1DF7F70900BE316C /* Release */ = {
			isa = XCBuildConfiguration;
			buildSettings = {
				ALWAYS_SEARCH_USER_PATHS = NO;
				CLANG_ANALYZER_NONNULL = YES;
				CLANG_CXX_LANGUAGE_STANDARD = "gnu++0x";
				CLANG_CXX_LIBRARY = "libc++";
				CLANG_ENABLE_MODULES = YES;
				CLANG_ENABLE_OBJC_ARC = YES;
				CLANG_WARN_BOOL_CONVERSION = YES;
				CLANG_WARN_CONSTANT_CONVERSION = YES;
				CLANG_WARN_DIRECT_OBJC_ISA_USAGE = YES_ERROR;
				CLANG_WARN_DOCUMENTATION_COMMENTS = YES;
				CLANG_WARN_EMPTY_BODY = YES;
				CLANG_WARN_ENUM_CONVERSION = YES;
				CLANG_WARN_INFINITE_RECURSION = YES;
				CLANG_WARN_INT_CONVERSION = YES;
				CLANG_WARN_OBJC_ROOT_CLASS = YES_ERROR;
				CLANG_WARN_SUSPICIOUS_MOVES = YES;
				CLANG_WARN_UNREACHABLE_CODE = YES;
				CLANG_WARN__DUPLICATE_METHOD_MATCH = YES;
				CODE_SIGN_IDENTITY = "-";
				COPY_PHASE_STRIP = NO;
				DEBUG_INFORMATION_FORMAT = "dwarf-with-dsym";
				ENABLE_NS_ASSERTIONS = NO;
				ENABLE_STRICT_OBJC_MSGSEND = YES;
				GCC_C_LANGUAGE_STANDARD = gnu99;
				GCC_NO_COMMON_BLOCKS = YES;
				GCC_WARN_64_TO_32_BIT_CONVERSION = YES;
				GCC_WARN_ABOUT_RETURN_TYPE = YES_ERROR;
				GCC_WARN_UNDECLARED_SELECTOR = YES;
				GCC_WARN_UNINITIALIZED_AUTOS = YES_AGGRESSIVE;
				GCC_WARN_UNUSED_FUNCTION = YES;
				GCC_WARN_UNUSED_VARIABLE = YES;
				MACOSX_DEPLOYMENT_TARGET = 10.12;
				MTL_ENABLE_DEBUG_INFO = NO;
				SDKROOT = macosx;
				SWIFT_OPTIMIZATION_LEVEL = "-Owholemodule";
			};
			name = Release;
		};
		F5DD444C1DF7F70900BE316C /* Debug */ = {
			isa = XCBuildConfiguration;
			buildSettings = {
				ASSETCATALOG_COMPILER_APPICON_NAME = AppIcon;
				COMBINE_HIDPI_IMAGES = YES;
				INFOPLIST_FILE = Xcode8GitExample/Info.plist;
				LD_RUNPATH_SEARCH_PATHS = "$(inherited) @executable_path/../Frameworks";
				PRODUCT_BUNDLE_IDENTIFIER = com.zunigacreative.Xcode8GitExample;
				PRODUCT_NAME = "$(TARGET_NAME)";
				SWIFT_VERSION = 3.0;
			};
			name = Debug;
		};
		F5DD444D1DF7F70900BE316C /* Release */ = {
			isa = XCBuildConfiguration;
			buildSettings = {
				ASSETCATALOG_COMPILER_APPICON_NAME = AppIcon;
				COMBINE_HIDPI_IMAGES = YES;
				INFOPLIST_FILE = Xcode8GitExample/Info.plist;
				LD_RUNPATH_SEARCH_PATHS = "$(inherited) @executable_path/../Frameworks";
				PRODUCT_BUNDLE_IDENTIFIER = com.zunigacreative.Xcode8GitExample;
				PRODUCT_NAME = "$(TARGET_NAME)";
				SWIFT_VERSION = 3.0;
			};
			name = Release;
		};
		F5DD444F1DF7F70900BE316C /* Debug */ = {
			isa = XCBuildConfiguration;
			buildSettings = {
				ALWAYS_EMBED_SWIFT_STANDARD_LIBRARIES = YES;
				BUNDLE_LOADER = "$(TEST_HOST)";
				COMBINE_HIDPI_IMAGES = YES;
				INFOPLIST_FILE = Xcode8GitExampleTests/Info.plist;
				LD_RUNPATH_SEARCH_PATHS = "$(inherited) @executable_path/../Frameworks @loader_path/../Frameworks";
				PRODUCT_BUNDLE_IDENTIFIER = com.zunigacreative.Xcode8GitExampleTests;
				PRODUCT_NAME = "$(TARGET_NAME)";
				SWIFT_VERSION = 3.0;
				TEST_HOST = "$(BUILT_PRODUCTS_DIR)/Xcode8GitExample.app/Contents/MacOS/Xcode8GitExample";
			};
			name = Debug;
		};
		F5DD44501DF7F70900BE316C /* Release */ = {
			isa = XCBuildConfiguration;
			buildSettings = {
				ALWAYS_EMBED_SWIFT_STANDARD_LIBRARIES = YES;
				BUNDLE_LOADER = "$(TEST_HOST)";
				COMBINE_HIDPI_IMAGES = YES;
				INFOPLIST_FILE = Xcode8GitExampleTests/Info.plist;
				LD_RUNPATH_SEARCH_PATHS = "$(inherited) @executable_path/../Frameworks @loader_path/../Frameworks";
				PRODUCT_BUNDLE_IDENTIFIER = com.zunigacreative.Xcode8GitExampleTests;
				PRODUCT_NAME = "$(TARGET_NAME)";
				SWIFT_VERSION = 3.0;
				TEST_HOST = "$(BUILT_PRODUCTS_DIR)/Xcode8GitExample.app/Contents/MacOS/Xcode8GitExample";
			};
			name = Release;
		};
		F5DD44521DF7F70900BE316C /* Debug */ = {
			isa = XCBuildConfiguration;
			buildSettings = {
				ALWAYS_EMBED_SWIFT_STANDARD_LIBRARIES = YES;
				COMBINE_HIDPI_IMAGES = YES;
				INFOPLIST_FILE = Xcode8GitExampleUITests/Info.plist;
				LD_RUNPATH_SEARCH_PATHS = "$(inherited) @executable_path/../Frameworks @loader_path/../Frameworks";
				PRODUCT_BUNDLE_IDENTIFIER = com.zunigacreative.Xcode8GitExampleUITests;
				PRODUCT_NAME = "$(TARGET_NAME)";
				SWIFT_VERSION = 3.0;
				TEST_TARGET_NAME = Xcode8GitExample;
			};
			name = Debug;
		};
		F5DD44531DF7F70900BE316C /* Release */ = {
			isa = XCBuildConfiguration;
			buildSettings = {
				ALWAYS_EMBED_SWIFT_STANDARD_LIBRARIES = YES;
				COMBINE_HIDPI_IMAGES = YES;
				INFOPLIST_FILE = Xcode8GitExampleUITests/Info.plist;
				LD_RUNPATH_SEARCH_PATHS = "$(inherited) @executable_path/../Frameworks @loader_path/../Frameworks";
				PRODUCT_BUNDLE_IDENTIFIER = com.zunigacreative.Xcode8GitExampleUITests;
				PRODUCT_NAME = "$(TARGET_NAME)";
				SWIFT_VERSION = 3.0;
				TEST_TARGET_NAME = Xcode8GitExample;
			};
			name = Release;
		};
/* End XCBuildConfiguration section */

/* Begin XCConfigurationList section */
		F5DD44211DF7F70900BE316C /* Build configuration list for PBXProject "Xcode8GitExample" */ = {
			isa = XCConfigurationList;
			buildConfigurations = (
				F5DD44491DF7F70900BE316C /* Debug */,
				F5DD444A1DF7F70900BE316C /* Release */,
			);
			defaultConfigurationIsVisible = 0;
			defaultConfigurationName = Release;
		};
		F5DD444B1DF7F70900BE316C /* Build configuration list for PBXNativeTarget "Xcode8GitExample" */ = {
			isa = XCConfigurationList;
			buildConfigurations = (
				F5DD444C1DF7F70900BE316C /* Debug */,
				F5DD444D1DF7F70900BE316C /* Release */,
			);
			defaultConfigurationIsVisible = 0;
		};
		F5DD444E1DF7F70900BE316C /* Build configuration list for PBXNativeTarget "Xcode8GitExampleTests" */ = {
			isa = XCConfigurationList;
			buildConfigurations = (
				F5DD444F1DF7F70900BE316C /* Debug */,
				F5DD44501DF7F70900BE316C /* Release */,
			);
			defaultConfigurationIsVisible = 0;
		};
		F5DD44511DF7F70900BE316C /* Build configuration list for PBXNativeTarget "Xcode8GitExampleUITests" */ = {
			isa = XCConfigurationList;
			buildConfigurations = (
				F5DD44521DF7F70900BE316C /* Debug */,
				F5DD44531DF7F70900BE316C /* Release */,
			);
			defaultConfigurationIsVisible = 0;
		};
/* End XCConfigurationList section */
	};
	rootObject = F5DD441E1DF7F70900BE316C /* Project object */;
}
